
Microsoft Visual Studio Solution File, Format Version 12.00
# Visual Studio Version 17
VisualStudioVersion = 17.5.33414.496
MinimumVisualStudioVersion = 10.0.40219.1
Project("{9A19103F-16F7-4668-BE54-9A1E7A4F7556}") = "to-do", "WinFormsApp2\to-do.csproj", "{B3B97EBE-A101-41D5-8B21-14A14BC44A6E}"
EndProject
Global
	GlobalSection(SolutionConfigurationPlatforms) = preSolution
		Debug|Any CPU = Debug|Any CPU
		Release|Any CPU = Release|Any CPU
	EndGlobalSection
	GlobalSection(ProjectConfigurationPlatforms) = postSolution
		{B3B97EBE-A101-41D5-8B21-14A14BC44A6E}.Debug|Any CPU.ActiveCfg = Debug|Any CPU
		{B3B97EBE-A101-41D5-8B21-14A14BC44A6E}.Debug|Any CPU.Build.0 = Debug|Any CPU
		{B3B97EBE-A101-41D5-8B21-14A14BC44A6E}.Release|Any CPU.ActiveCfg = Release|Any CPU
		{B3B97EBE-A101-41D5-8B21-14A14BC44A6E}.Release|Any CPU.Build.0 = Release|Any CPU
	EndGlobalSection
	GlobalSection(SolutionProperties) = preSolution
		HideSolutionNode = FALSE
	EndGlobalSection
	GlobalSection(ExtensibilityGlobals) = postSolution
		SolutionGuid = {7BF17364-CFAF-4B1D-A883-291ABBBCCA79}
	EndGlobalSection
EndGlobal
